// !$*UTF8*$!
{
	archiveVersion = 1;
	classes = {
	};
	objectVersion = 46;
	objects = {

/* Begin PBXAggregateTarget section */
		8A2608B27DFE97CCC99E04C4 /* echomatrix - All */ = {
			isa = PBXAggregateTarget;
			buildConfigurationList = 08879730856774F3CA4FBD59;
			buildPhases = (
			);
			dependencies = (
				965E6DB01781840E2274947A,
				57CD6A259D2815A7611C68EF,
				8CADFCA092271EE486D2A659,
			);
			name = "echomatrix - All";
			productName = echomatrix;
		};
/* End PBXAggregateTarget section */

/* Begin PBXBuildFile section */
		0458ABCF4DEACD04773E7D2C /* System/Library/Frameworks/CoreMIDI.framework */ = {isa = PBXBuildFile; fileRef = 913D80E8FFB314DBC4014F30; };
		046C0D3DED968AD1C89F0CE0 /* ../../JuceLibraryCode/include_juce_audio_formats.mm */ = {isa = PBXBuildFile; fileRef = E4B6CA02C0AD53DEB1776A48; };
		061D7C82BAC229747FFE884E /* ../../JuceLibraryCode/include_juce_events.mm */ = {isa = PBXBuildFile; fileRef = 43B3DAA6C812572B4E616349; };
		1033775656052F54CCE27D7C /* ../../JuceLibraryCode/include_juce_opengl.mm */ = {isa = PBXBuildFile; fileRef = 5EB728C647F710D5C988D427; };
		24EF69A5C16CE751B3C353CF /* System/Library/Frameworks/Cocoa.framework */ = {isa = PBXBuildFile; fileRef = 2835579B3C911E3551E01F16; };
		273C6D909ED11FF2D1B8F4C5 /* ../../JuceLibraryCode/include_juce_audio_devices.mm */ = {isa = PBXBuildFile; fileRef = 24464ABF2D53601395032996; };
		2C0897537517C7AA67BF4764 /* System/Library/Frameworks/QuartzCore.framework */ = {isa = PBXBuildFile; fileRef = 6C346CBC51CE6A94D2A75B4B; };
		2C849EB705AD9F2E74298A5C /* ../../JuceLibraryCode/include_juce_audio_plugin_client_utils.cpp */ = {isa = PBXBuildFile; fileRef = 1E305B4AE7C2DA8C624350DE; };
		2EDC63C00D534A242C5C46ED /* System/Library/Frameworks/Carbon.framework */ = {isa = PBXBuildFile; fileRef = C66EE008969D02B13F0D56ED; };
		43103AD572F27BB888A53E9F /* System/Library/Frameworks/Foundation.framework */ = {isa = PBXBuildFile; fileRef = 2BDE86EA6E8F2E9F443B88C1; };
		53295E25FC6E7CD3AB703E6F /* Shared Code */ = {isa = PBXBuildFile; fileRef = FB8DCA78F0225DA57843F35E; };
		541FA89297C48AE1963D1ECC /* System/Library/Frameworks/DiscRecording.framework */ = {isa = PBXBuildFile; fileRef = 66DB2489E5D789D658D4E2C0; };
		5B05514598C98754A6442D4E /* ../../JuceLibraryCode/include_juce_osc.cpp */ = {isa = PBXBuildFile; fileRef = D5DE353F823F0FD60807453B; };
		82CCAF4569E64627116E4F8E /* ../../JuceLibraryCode/include_juce_audio_plugin_client_VST_utils.mm */ = {isa = PBXBuildFile; fileRef = 9155403F34521FCA9F53C544; };
		8B2DD17EE4703896650F734B /* ../../JuceLibraryCode/include_juce_gui_basics.mm */ = {isa = PBXBuildFile; fileRef = 228B191FEA97B7A1E43BA88D; };
		8DB997D8A9446968F81CC4FF /* System/Library/Frameworks/Accelerate.framework */ = {isa = PBXBuildFile; fileRef = A808D7FEFB1D60FE30E158F8; };
		90469A15BF89EB20D82B5E86 /* ../../JuceLibraryCode/include_juce_audio_plugin_client_VST3.cpp */ = {isa = PBXBuildFile; fileRef = 5FDEF77A7BB6755473B0DC7B; };
		9099B8295E35E26BF45CB764 /* System/Library/Frameworks/AudioToolbox.framework */ = {isa = PBXBuildFile; fileRef = C83416D04653E5F572ECBE47; };
		97B5D54D6EBE458BE7E7A659 /* ../../JuceLibraryCode/include_juce_data_structures.mm */ = {isa = PBXBuildFile; fileRef = 79A2C24258C90FD1A4CAA0AE; };
		A19CFA3445C4A1AD4520DB26 /* ../../FaustPluginProcessor.cpp */ = {isa = PBXBuildFile; fileRef = 15CB6282CC12D1680BC22817; };
		B46FC5AC7BE09A28379C5E10 /* System/Library/Frameworks/CoreAudio.framework */ = {isa = PBXBuildFile; fileRef = 86F9830CA727D88D5659BDDA; };
		B4E63329067545AF6F87A4EE /* ../../JuceLibraryCode/include_juce_audio_utils.mm */ = {isa = PBXBuildFile; fileRef = E05469D5BA9D45A8B9A4E096; };
		B719B07ABBA640827DDFA7AD /* System/Library/Frameworks/CoreAudioKit.framework */ = {isa = PBXBuildFile; fileRef = 134CFDC68E2987AE88219CEE; };
		B9E81862A0A044747FD9DF7F /* RecentFilesMenuTemplate.nib */ = {isa = PBXBuildFile; fileRef = 2BA521195DD7816D148FA966; };
		C3F8540CC4CBE3354173FF87 /* System/Library/Frameworks/WebKit.framework */ = {isa = PBXBuildFile; fileRef = B1AB9BE311B799D214BE1274; };
		C486EBA78715529D1CBA6639 /* ../../JuceLibraryCode/include_juce_core.mm */ = {isa = PBXBuildFile; fileRef = AE62B572BDEEE80CC5733D54; };
		C8CA6AD9DF0DF8A854FF633A /* ../../JuceLibraryCode/include_juce_gui_extra.mm */ = {isa = PBXBuildFile; fileRef = CFD628E495F80F2897CD3935; };
		D840CABB7F96A0C0F544764E /* Standalone Plugin */ = {isa = PBXBuildFile; fileRef = 0D2E4A13B5785619B35A727C; };
		D9FE958C37795D89F855BC5E /* ../../JuceLibraryCode/include_juce_audio_basics.mm */ = {isa = PBXBuildFile; fileRef = F8881A8F9802A491C2D7D752; };
		E4B40E1127946CE4EBFE93F2 /* ../../JuceLibraryCode/include_juce_audio_plugin_client_Standalone.cpp */ = {isa = PBXBuildFile; fileRef = 4E3D977B5681972445D15B2B; };
		E8349691ADFA49BA976EEB8C /* VST3 */ = {isa = PBXBuildFile; fileRef = 60175178D5095381D18B0203; };
		E8E712521D0B6E30FDDBC6CB /* ../../JuceLibraryCode/include_juce_graphics.mm */ = {isa = PBXBuildFile; fileRef = 82E8D33761875D124F19585B; };
		F9D13D66CB5E123B35BCC961 /* ../../JuceLibraryCode/include_juce_audio_processors.mm */ = {isa = PBXBuildFile; fileRef = 66E4E596DB2AD361EAB2ABE0; };
		FA86C820533209287DBA4F29 /* System/Library/Frameworks/IOKit.framework */ = {isa = PBXBuildFile; fileRef = 535A45578062BAC9D487D8C6; };
		FAC71C712336A9B349A1B205 /* System/Library/Frameworks/OpenGL.framework */ = {isa = PBXBuildFile; fileRef = 4ADA6BC67449177F58E4B99B; };
/* End PBXBuildFile section */

/* Begin PBXFileReference section */
		031C155E7F7F935F28539433 /* ../../JuceLibraryCode/JuceHeader.h */ /* JuceHeader.h */ = {isa = PBXFileReference; lastKnownFileType = sourcecode.c.h; name = JuceHeader.h; path = ../../JuceLibraryCode/JuceHeader.h; sourceTree = SOURCE_ROOT; };
		0D2E4A13B5785619B35A727C /* Standalone Plugin */ = {isa = PBXFileReference; explicitFileType = wrapper.application; includeInIndex = 0; path = echomatrix.app; sourceTree = BUILT_PRODUCTS_DIR; };
		0E4EA96673FBFA60124B290F /* ../../../../modules/juce_events */ /* juce_events */ = {isa = PBXFileReference; lastKnownFileType = folder; name = juce_events; path = ../../../../modules/juce_events; sourceTree = SOURCE_ROOT; };
		11BFE9D7F7A186D0797A6137 /* ../../../../modules/juce_audio_utils */ /* juce_audio_utils */ = {isa = PBXFileReference; lastKnownFileType = folder; name = juce_audio_utils; path = ../../../../modules/juce_audio_utils; sourceTree = SOURCE_ROOT; };
		121A2EB1F8B5C87671E50406 /* ../../../../modules/juce_audio_processors */ /* juce_audio_processors */ = {isa = PBXFileReference; lastKnownFileType = folder; name = juce_audio_processors; path = ../../../../modules/juce_audio_processors; sourceTree = SOURCE_ROOT; };
		134CFDC68E2987AE88219CEE /* System/Library/Frameworks/CoreAudioKit.framework */ /* CoreAudioKit.framework */ = {isa = PBXFileReference; lastKnownFileType = wrapper.framework; name = CoreAudioKit.framework; path = System/Library/Frameworks/CoreAudioKit.framework; sourceTree = SDKROOT; };
		15CB6282CC12D1680BC22817 /* ../../FaustPluginProcessor.cpp */ /* FaustPluginProcessor.cpp */ = {isa = PBXFileReference; lastKnownFileType = sourcecode.cpp.cpp; name = FaustPluginProcessor.cpp; path = ../../FaustPluginProcessor.cpp; sourceTree = SOURCE_ROOT; };
		1A8B8B3C65102605D6D102A4 /* ../../../../modules/juce_audio_basics */ /* juce_audio_basics */ = {isa = PBXFileReference; lastKnownFileType = folder; name = juce_audio_basics; path = ../../../../modules/juce_audio_basics; sourceTree = SOURCE_ROOT; };
		1E305B4AE7C2DA8C624350DE /* ../../JuceLibraryCode/include_juce_audio_plugin_client_utils.cpp */ /* include_juce_audio_plugin_client_utils.cpp */ = {isa = PBXFileReference; lastKnownFileType = sourcecode.cpp.cpp; name = include_juce_audio_plugin_client_utils.cpp; path = ../../JuceLibraryCode/include_juce_audio_plugin_client_utils.cpp; sourceTree = SOURCE_ROOT; };
		228B191FEA97B7A1E43BA88D /* ../../JuceLibraryCode/include_juce_gui_basics.mm */ /* include_juce_gui_basics.mm */ = {isa = PBXFileReference; lastKnownFileType = sourcecode.cpp.objcpp; name = include_juce_gui_basics.mm; path = ../../JuceLibraryCode/include_juce_gui_basics.mm; sourceTree = SOURCE_ROOT; };
		24464ABF2D53601395032996 /* ../../JuceLibraryCode/include_juce_audio_devices.mm */ /* include_juce_audio_devices.mm */ = {isa = PBXFileReference; lastKnownFileType = sourcecode.cpp.objcpp; name = include_juce_audio_devices.mm; path = ../../JuceLibraryCode/include_juce_audio_devices.mm; sourceTree = SOURCE_ROOT; };
		2835579B3C911E3551E01F16 /* System/Library/Frameworks/Cocoa.framework */ /* Cocoa.framework */ = {isa = PBXFileReference; lastKnownFileType = wrapper.framework; name = Cocoa.framework; path = System/Library/Frameworks/Cocoa.framework; sourceTree = SDKROOT; };
		2BA521195DD7816D148FA966 /* RecentFilesMenuTemplate.nib */ /* RecentFilesMenuTemplate.nib */ = {isa = PBXFileReference; lastKnownFileType = file.nib; name = RecentFilesMenuTemplate.nib; path = RecentFilesMenuTemplate.nib; sourceTree = SOURCE_ROOT; };
		2BDE86EA6E8F2E9F443B88C1 /* System/Library/Frameworks/Foundation.framework */ /* Foundation.framework */ = {isa = PBXFileReference; lastKnownFileType = wrapper.framework; name = Foundation.framework; path = System/Library/Frameworks/Foundation.framework; sourceTree = SDKROOT; };
		39E11FF27ED7C442134AADA5 /* ../../JuceLibraryCode/AppConfig.h */ /* AppConfig.h */ = {isa = PBXFileReference; lastKnownFileType = sourcecode.c.h; name = AppConfig.h; path = ../../JuceLibraryCode/AppConfig.h; sourceTree = SOURCE_ROOT; };
		43B3DAA6C812572B4E616349 /* ../../JuceLibraryCode/include_juce_events.mm */ /* include_juce_events.mm */ = {isa = PBXFileReference; lastKnownFileType = sourcecode.cpp.objcpp; name = include_juce_events.mm; path = ../../JuceLibraryCode/include_juce_events.mm; sourceTree = SOURCE_ROOT; };
		49ED8E8BF9C5028552E10AAB /* Info-VST3.plist */ /* Info-VST3.plist */ = {isa = PBXFileReference; lastKnownFileType = text.plist.xml; name = "Info-VST3.plist"; path = "Info-VST3.plist"; sourceTree = SOURCE_ROOT; };
		4ADA6BC67449177F58E4B99B /* System/Library/Frameworks/OpenGL.framework */ /* OpenGL.framework */ = {isa = PBXFileReference; lastKnownFileType = wrapper.framework; name = OpenGL.framework; path = System/Library/Frameworks/OpenGL.framework; sourceTree = SDKROOT; };
		4E3D977B5681972445D15B2B /* ../../JuceLibraryCode/include_juce_audio_plugin_client_Standalone.cpp */ /* include_juce_audio_plugin_client_Standalone.cpp */ = {isa = PBXFileReference; lastKnownFileType = sourcecode.cpp.cpp; name = include_juce_audio_plugin_client_Standalone.cpp; path = ../../JuceLibraryCode/include_juce_audio_plugin_client_Standalone.cpp; sourceTree = SOURCE_ROOT; };
		507874DF7354E8BD5C19302F /* ../../../../modules/juce_audio_devices */ /* juce_audio_devices */ = {isa = PBXFileReference; lastKnownFileType = folder; name = juce_audio_devices; path = ../../../../modules/juce_audio_devices; sourceTree = SOURCE_ROOT; };
		535A45578062BAC9D487D8C6 /* System/Library/Frameworks/IOKit.framework */ /* IOKit.framework */ = {isa = PBXFileReference; lastKnownFileType = wrapper.framework; name = IOKit.framework; path = System/Library/Frameworks/IOKit.framework; sourceTree = SDKROOT; };
		5BFB53EF3CFE749A334F4271 /* ../../../../modules/juce_core */ /* juce_core */ = {isa = PBXFileReference; lastKnownFileType = folder; name = juce_core; path = ../../../../modules/juce_core; sourceTree = SOURCE_ROOT; };
		5EB728C647F710D5C988D427 /* ../../JuceLibraryCode/include_juce_opengl.mm */ /* include_juce_opengl.mm */ = {isa = PBXFileReference; lastKnownFileType = sourcecode.cpp.objcpp; name = include_juce_opengl.mm; path = ../../JuceLibraryCode/include_juce_opengl.mm; sourceTree = SOURCE_ROOT; };
		5FDEF77A7BB6755473B0DC7B /* ../../JuceLibraryCode/include_juce_audio_plugin_client_VST3.cpp */ /* include_juce_audio_plugin_client_VST3.cpp */ = {isa = PBXFileReference; lastKnownFileType = sourcecode.cpp.cpp; name = include_juce_audio_plugin_client_VST3.cpp; path = ../../JuceLibraryCode/include_juce_audio_plugin_client_VST3.cpp; sourceTree = SOURCE_ROOT; };
		60175178D5095381D18B0203 /* VST3 */ = {isa = PBXFileReference; explicitFileType = wrapper.cfbundle; includeInIndex = 0; path = echomatrix.vst3; sourceTree = BUILT_PRODUCTS_DIR; };
		66DB2489E5D789D658D4E2C0 /* System/Library/Frameworks/DiscRecording.framework */ /* DiscRecording.framework */ = {isa = PBXFileReference; lastKnownFileType = wrapper.framework; name = DiscRecording.framework; path = System/Library/Frameworks/DiscRecording.framework; sourceTree = SDKROOT; };
		66E4E596DB2AD361EAB2ABE0 /* ../../JuceLibraryCode/include_juce_audio_processors.mm */ /* include_juce_audio_processors.mm */ = {isa = PBXFileReference; lastKnownFileType = sourcecode.cpp.objcpp; name = include_juce_audio_processors.mm; path = ../../JuceLibraryCode/include_juce_audio_processors.mm; sourceTree = SOURCE_ROOT; };
		6C346CBC51CE6A94D2A75B4B /* System/Library/Frameworks/QuartzCore.framework */ /* QuartzCore.framework */ = {isa = PBXFileReference; lastKnownFileType = wrapper.framework; name = QuartzCore.framework; path = System/Library/Frameworks/QuartzCore.framework; sourceTree = SDKROOT; };
		729F97617C48390A6248B510 /* ../../../../modules/juce_osc */ /* juce_osc */ = {isa = PBXFileReference; lastKnownFileType = folder; name = juce_osc; path = ../../../../modules/juce_osc; sourceTree = SOURCE_ROOT; };
		74EC99733B92A60BF1D82D99 /* ../../../../modules/juce_opengl */ /* juce_opengl */ = {isa = PBXFileReference; lastKnownFileType = folder; name = juce_opengl; path = ../../../../modules/juce_opengl; sourceTree = SOURCE_ROOT; };
		79A2C24258C90FD1A4CAA0AE /* ../../JuceLibraryCode/include_juce_data_structures.mm */ /* include_juce_data_structures.mm */ = {isa = PBXFileReference; lastKnownFileType = sourcecode.cpp.objcpp; name = include_juce_data_structures.mm; path = ../../JuceLibraryCode/include_juce_data_structures.mm; sourceTree = SOURCE_ROOT; };
		7C07ED8F3EAB2E57DA8DA965 /* Info-Standalone_Plugin.plist */ /* Info-Standalone_Plugin.plist */ = {isa = PBXFileReference; lastKnownFileType = text.plist.xml; name = "Info-Standalone_Plugin.plist"; path = "Info-Standalone_Plugin.plist"; sourceTree = SOURCE_ROOT; };
		825E61AB69BE66C17928D5F1 /* ../../../../modules/juce_data_structures */ /* juce_data_structures */ = {isa = PBXFileReference; lastKnownFileType = folder; name = juce_data_structures; path = ../../../../modules/juce_data_structures; sourceTree = SOURCE_ROOT; };
		82E8D33761875D124F19585B /* ../../JuceLibraryCode/include_juce_graphics.mm */ /* include_juce_graphics.mm */ = {isa = PBXFileReference; lastKnownFileType = sourcecode.cpp.objcpp; name = include_juce_graphics.mm; path = ../../JuceLibraryCode/include_juce_graphics.mm; sourceTree = SOURCE_ROOT; };
		86F9830CA727D88D5659BDDA /* System/Library/Frameworks/CoreAudio.framework */ /* CoreAudio.framework */ = {isa = PBXFileReference; lastKnownFileType = wrapper.framework; name = CoreAudio.framework; path = System/Library/Frameworks/CoreAudio.framework; sourceTree = SDKROOT; };
		913D80E8FFB314DBC4014F30 /* System/Library/Frameworks/CoreMIDI.framework */ /* CoreMIDI.framework */ = {isa = PBXFileReference; lastKnownFileType = wrapper.framework; name = CoreMIDI.framework; path = System/Library/Frameworks/CoreMIDI.framework; sourceTree = SDKROOT; };
		9155403F34521FCA9F53C544 /* ../../JuceLibraryCode/include_juce_audio_plugin_client_VST_utils.mm */ /* include_juce_audio_plugin_client_VST_utils.mm */ = {isa = PBXFileReference; lastKnownFileType = sourcecode.cpp.objcpp; name = include_juce_audio_plugin_client_VST_utils.mm; path = ../../JuceLibraryCode/include_juce_audio_plugin_client_VST_utils.mm; sourceTree = SOURCE_ROOT; };
		9393EB3A928DBA1EB4AA07E8 /* ../../../../modules/juce_audio_formats */ /* juce_audio_formats */ = {isa = PBXFileReference; lastKnownFileType = folder; name = juce_audio_formats; path = ../../../../modules/juce_audio_formats; sourceTree = SOURCE_ROOT; };
		9A73AEC132275124F0657614 /* ../../../../modules/juce_gui_extra */ /* juce_gui_extra */ = {isa = PBXFileReference; lastKnownFileType = folder; name = juce_gui_extra; path = ../../../../modules/juce_gui_extra; sourceTree = SOURCE_ROOT; };
		A808D7FEFB1D60FE30E158F8 /* System/Library/Frameworks/Accelerate.framework */ /* Accelerate.framework */ = {isa = PBXFileReference; lastKnownFileType = wrapper.framework; name = Accelerate.framework; path = System/Library/Frameworks/Accelerate.framework; sourceTree = SDKROOT; };
		AE62B572BDEEE80CC5733D54 /* ../../JuceLibraryCode/include_juce_core.mm */ /* include_juce_core.mm */ = {isa = PBXFileReference; lastKnownFileType = sourcecode.cpp.objcpp; name = include_juce_core.mm; path = ../../JuceLibraryCode/include_juce_core.mm; sourceTree = SOURCE_ROOT; };
		B1AB9BE311B799D214BE1274 /* System/Library/Frameworks/WebKit.framework */ /* WebKit.framework */ = {isa = PBXFileReference; lastKnownFileType = wrapper.framework; name = WebKit.framework; path = System/Library/Frameworks/WebKit.framework; sourceTree = SDKROOT; };
		B4FC22C0B46B052B3976B4DF /* ../../../../modules/juce_audio_plugin_client */ /* juce_audio_plugin_client */ = {isa = PBXFileReference; lastKnownFileType = folder; name = juce_audio_plugin_client; path = ../../../../modules/juce_audio_plugin_client; sourceTree = SOURCE_ROOT; };
		BEFF8750787D9F89179773AB /* ../../../../modules/juce_graphics */ /* juce_graphics */ = {isa = PBXFileReference; lastKnownFileType = folder; name = juce_graphics; path = ../../../../modules/juce_graphics; sourceTree = SOURCE_ROOT; };
		C66EE008969D02B13F0D56ED /* System/Library/Frameworks/Carbon.framework */ /* Carbon.framework */ = {isa = PBXFileReference; lastKnownFileType = wrapper.framework; name = Carbon.framework; path = System/Library/Frameworks/Carbon.framework; sourceTree = SDKROOT; };
		C83416D04653E5F572ECBE47 /* System/Library/Frameworks/AudioToolbox.framework */ /* AudioToolbox.framework */ = {isa = PBXFileReference; lastKnownFileType = wrapper.framework; name = AudioToolbox.framework; path = System/Library/Frameworks/AudioToolbox.framework; sourceTree = SDKROOT; };
		CBA3EA3595FF7420EF8FBF5A /* ../../../../modules/juce_gui_basics */ /* juce_gui_basics */ = {isa = PBXFileReference; lastKnownFileType = folder; name = juce_gui_basics; path = ../../../../modules/juce_gui_basics; sourceTree = SOURCE_ROOT; };
		CFD628E495F80F2897CD3935 /* ../../JuceLibraryCode/include_juce_gui_extra.mm */ /* include_juce_gui_extra.mm */ = {isa = PBXFileReference; lastKnownFileType = sourcecode.cpp.objcpp; name = include_juce_gui_extra.mm; path = ../../JuceLibraryCode/include_juce_gui_extra.mm; sourceTree = SOURCE_ROOT; };
		D5DE353F823F0FD60807453B /* ../../JuceLibraryCode/include_juce_osc.cpp */ /* include_juce_osc.cpp */ = {isa = PBXFileReference; lastKnownFileType = sourcecode.cpp.cpp; name = include_juce_osc.cpp; path = ../../JuceLibraryCode/include_juce_osc.cpp; sourceTree = SOURCE_ROOT; };
		E05469D5BA9D45A8B9A4E096 /* ../../JuceLibraryCode/include_juce_audio_utils.mm */ /* include_juce_audio_utils.mm */ = {isa = PBXFileReference; lastKnownFileType = sourcecode.cpp.objcpp; name = include_juce_audio_utils.mm; path = ../../JuceLibraryCode/include_juce_audio_utils.mm; sourceTree = SOURCE_ROOT; };
		E4B6CA02C0AD53DEB1776A48 /* ../../JuceLibraryCode/include_juce_audio_formats.mm */ /* include_juce_audio_formats.mm */ = {isa = PBXFileReference; lastKnownFileType = sourcecode.cpp.objcpp; name = include_juce_audio_formats.mm; path = ../../JuceLibraryCode/include_juce_audio_formats.mm; sourceTree = SOURCE_ROOT; };
		F148E1C8BBBE1C3A7C733BCB /* ../../JuceLibraryCode/JucePluginDefines.h */ /* JucePluginDefines.h */ = {isa = PBXFileReference; lastKnownFileType = sourcecode.c.h; name = JucePluginDefines.h; path = ../../JuceLibraryCode/JucePluginDefines.h; sourceTree = SOURCE_ROOT; };
		F8881A8F9802A491C2D7D752 /* ../../JuceLibraryCode/include_juce_audio_basics.mm */ /* include_juce_audio_basics.mm */ = {isa = PBXFileReference; lastKnownFileType = sourcecode.cpp.objcpp; name = include_juce_audio_basics.mm; path = ../../JuceLibraryCode/include_juce_audio_basics.mm; sourceTree = SOURCE_ROOT; };
		FB8DCA78F0225DA57843F35E /* Shared Code */ = {isa = PBXFileReference; explicitFileType = archive.ar; includeInIndex = 0; path = libechomatrix.a; sourceTree = BUILT_PRODUCTS_DIR; };
/* End PBXFileReference section */

/* Begin PBXFrameworksBuildPhase section */
		19219F5A6A6423C8A07443AC = {
			isa = PBXFrameworksBuildPhase;
			buildActionMask = 2147483647;
			files = (
				8DB997D8A9446968F81CC4FF,
				9099B8295E35E26BF45CB764,
				2EDC63C00D534A242C5C46ED,
				24EF69A5C16CE751B3C353CF,
				B46FC5AC7BE09A28379C5E10,
				B719B07ABBA640827DDFA7AD,
				0458ABCF4DEACD04773E7D2C,
				541FA89297C48AE1963D1ECC,
				43103AD572F27BB888A53E9F,
				FA86C820533209287DBA4F29,
				FAC71C712336A9B349A1B205,
				2C0897537517C7AA67BF4764,
				C3F8540CC4CBE3354173FF87,
			);
			runOnlyForDeploymentPostprocessing = 0;
		};
		957A9D68B12CAA4093880F55 = {
			isa = PBXFrameworksBuildPhase;
			buildActionMask = 2147483647;
			files = (
				8DB997D8A9446968F81CC4FF,
				9099B8295E35E26BF45CB764,
				2EDC63C00D534A242C5C46ED,
				24EF69A5C16CE751B3C353CF,
				B46FC5AC7BE09A28379C5E10,
				B719B07ABBA640827DDFA7AD,
				0458ABCF4DEACD04773E7D2C,
				541FA89297C48AE1963D1ECC,
				43103AD572F27BB888A53E9F,
				FA86C820533209287DBA4F29,
				FAC71C712336A9B349A1B205,
				2C0897537517C7AA67BF4764,
				C3F8540CC4CBE3354173FF87,
			);
			runOnlyForDeploymentPostprocessing = 0;
		};
/* End PBXFrameworksBuildPhase section */

/* Begin PBXGroup section */
		21F141433A8890BC309EECF9 /* JUCE Modules */ = {
			isa = PBXGroup;
			children = (
				1A8B8B3C65102605D6D102A4,
				507874DF7354E8BD5C19302F,
				9393EB3A928DBA1EB4AA07E8,
				B4FC22C0B46B052B3976B4DF,
				121A2EB1F8B5C87671E50406,
				11BFE9D7F7A186D0797A6137,
				5BFB53EF3CFE749A334F4271,
				825E61AB69BE66C17928D5F1,
				0E4EA96673FBFA60124B290F,
				BEFF8750787D9F89179773AB,
				CBA3EA3595FF7420EF8FBF5A,
				9A73AEC132275124F0657614,
				74EC99733B92A60BF1D82D99,
				729F97617C48390A6248B510,
			);
			name = "JUCE Modules";
			sourceTree = "<group>";
		};
		311DAC571D614805F8556C9E /* Products */ = {
			isa = PBXGroup;
			children = (
				60175178D5095381D18B0203,
				0D2E4A13B5785619B35A727C,
				FB8DCA78F0225DA57843F35E,
			);
			name = Products;
			sourceTree = "<group>";
		};
		9E0401CDF4794D8472D08D10 /* Resources */ = {
			isa = PBXGroup;
			children = (
				49ED8E8BF9C5028552E10AAB,
				7C07ED8F3EAB2E57DA8DA965,
				2BA521195DD7816D148FA966,
			);
			name = Resources;
			sourceTree = "<group>";
		};
		A0A67D1BD7D3121B78F113C1 /* Frameworks */ = {
			isa = PBXGroup;
			children = (
				A808D7FEFB1D60FE30E158F8,
				C83416D04653E5F572ECBE47,
				C66EE008969D02B13F0D56ED,
				2835579B3C911E3551E01F16,
				86F9830CA727D88D5659BDDA,
				134CFDC68E2987AE88219CEE,
				913D80E8FFB314DBC4014F30,
				66DB2489E5D789D658D4E2C0,
				2BDE86EA6E8F2E9F443B88C1,
				535A45578062BAC9D487D8C6,
				4ADA6BC67449177F58E4B99B,
				6C346CBC51CE6A94D2A75B4B,
				B1AB9BE311B799D214BE1274,
			);
			name = Frameworks;
			sourceTree = "<group>";
		};
		C9000A1A3560130A74908685 /* Source */ = {
			isa = PBXGroup;
			children = (
				15CB6282CC12D1680BC22817,
			);
			name = Source;
			sourceTree = "<group>";
		};
		E209381CD0C619CBEE938FCF /* Source */ = {
			isa = PBXGroup;
			children = (
				E5BFDB549C4138C2C43F64B8,
				21F141433A8890BC309EECF9,
				F6FF30BD138C03E6EC764C59,
				9E0401CDF4794D8472D08D10,
				A0A67D1BD7D3121B78F113C1,
				311DAC571D614805F8556C9E,
			);
			name = Source;
			sourceTree = "<group>";
		};
		E5BFDB549C4138C2C43F64B8 /* echomatrix */ = {
			isa = PBXGroup;
			children = (
				C9000A1A3560130A74908685,
			);
			name = echomatrix;
			sourceTree = "<group>";
		};
		F6FF30BD138C03E6EC764C59 /* JUCE Library Code */ = {
			isa = PBXGroup;
			children = (
				39E11FF27ED7C442134AADA5,
				F8881A8F9802A491C2D7D752,
				24464ABF2D53601395032996,
				E4B6CA02C0AD53DEB1776A48,
				4E3D977B5681972445D15B2B,
				1E305B4AE7C2DA8C624350DE,
				9155403F34521FCA9F53C544,
				5FDEF77A7BB6755473B0DC7B,
				66E4E596DB2AD361EAB2ABE0,
				E05469D5BA9D45A8B9A4E096,
				AE62B572BDEEE80CC5733D54,
				79A2C24258C90FD1A4CAA0AE,
				43B3DAA6C812572B4E616349,
				82E8D33761875D124F19585B,
				228B191FEA97B7A1E43BA88D,
				CFD628E495F80F2897CD3935,
				5EB728C647F710D5C988D427,
				D5DE353F823F0FD60807453B,
				031C155E7F7F935F28539433,
				F148E1C8BBBE1C3A7C733BCB,
			);
			name = "JUCE Library Code";
			sourceTree = "<group>";
		};
/* End PBXGroup section */

/* Begin PBXNativeTarget section */
		335B1B675CE0DF2F2863FB7A /* echomatrix - VST3 */ = {
			isa = PBXNativeTarget;
			buildConfigurationList = 651BC921BE1C88160D47A088;
			buildPhases = (
				283CBB73977F6C71DEF8899D,
				C0C6CEB7C1F59237784E148A,
				957A9D68B12CAA4093880F55,
			);
			buildRules = (
			);
			dependencies = (
				182994E7C87BFA7B42AB211F,
			);
			name = "echomatrix - VST3";
			productName = echomatrix;
			productReference = 60175178D5095381D18B0203;
			productType = "com.apple.product-type.bundle";
		};
		8E82355F8FED17AEE88DB8A4 /* echomatrix - Standalone Plugin */ = {
			isa = PBXNativeTarget;
			buildConfigurationList = A685044388B09421EFBAD32B;
			buildPhases = (
				8D48F7C660E8105775F39155,
				9A6268D4608ED0BCA6C59B16,
				19219F5A6A6423C8A07443AC,
			);
			buildRules = (
			);
			dependencies = (
				0C2739265FA0CFD6473EACF3,
			);
			name = "echomatrix - Standalone Plugin";
			productName = echomatrix;
			productReference = 0D2E4A13B5785619B35A727C;
			productType = "com.apple.product-type.application";
		};
		9161A16D3E1E2E4E1A172BE3 /* echomatrix - Shared Code */ = {
			isa = PBXNativeTarget;
			buildConfigurationList = 1D7F728E031B01B2F399C76E;
			buildPhases = (
				8698080EFF968A27EEAF2A69,
			);
			buildRules = (
			);
			dependencies = (
			);
			name = "echomatrix - Shared Code";
			productName = echomatrix;
			productReference = FB8DCA78F0225DA57843F35E;
			productType = "com.apple.product-type.library.static";
		};
/* End PBXNativeTarget section */

/* Begin PBXProject section */
		C247973A805DA138ABD4AA26 = {
			isa = PBXProject;
			attributes = {
				LastUpgradeCheck = 1240;
				ORGANIZATIONNAME = "ImprovOid";
				TargetAttributes = {
					335B1B675CE0DF2F2863FB7A = {
						SystemCapabilities = {
							com.apple.ApplicationGroups.iOS = {
								enabled = 0;
							};
							com.apple.HardenedRuntime = {
								enabled = 0;
							};
							com.apple.InAppPurchase = {
								enabled = 0;
							};
							com.apple.InterAppAudio = {
								enabled = 0;
							};
							com.apple.Push = {
								enabled = 0;
							};
							com.apple.Sandbox = {
								enabled = 0;
							};
						};
					};
					8A2608B27DFE97CCC99E04C4 = {
						SystemCapabilities = {
							com.apple.ApplicationGroups.iOS = {
								enabled = 0;
							};
							com.apple.HardenedRuntime = {
								enabled = 0;
							};
							com.apple.InAppPurchase = {
								enabled = 0;
							};
							com.apple.InterAppAudio = {
								enabled = 0;
							};
							com.apple.Push = {
								enabled = 0;
							};
							com.apple.Sandbox = {
								enabled = 0;
							};
						};
					};
					8E82355F8FED17AEE88DB8A4 = {
						SystemCapabilities = {
							com.apple.ApplicationGroups.iOS = {
								enabled = 0;
							};
							com.apple.HardenedRuntime = {
								enabled = 0;
							};
							com.apple.InAppPurchase = {
								enabled = 0;
							};
							com.apple.InterAppAudio = {
								enabled = 0;
							};
							com.apple.Push = {
								enabled = 0;
							};
							com.apple.Sandbox = {
								enabled = 0;
							};
						};
					};
					9161A16D3E1E2E4E1A172BE3 = {
						SystemCapabilities = {
							com.apple.ApplicationGroups.iOS = {
								enabled = 0;
							};
							com.apple.HardenedRuntime = {
								enabled = 0;
							};
							com.apple.InAppPurchase = {
								enabled = 0;
							};
							com.apple.InterAppAudio = {
								enabled = 0;
							};
							com.apple.Push = {
								enabled = 0;
							};
							com.apple.Sandbox = {
								enabled = 0;
							};
						};
					};
				};
			};
			buildConfigurationList = A00F71D91E4AE171C3D80216;
			compatibilityVersion = "Xcode 3.2";
			hasScannedForEncodings = 0;
			knownRegions = (
				en,
				Base,
			);
			mainGroup = E209381CD0C619CBEE938FCF;
			projectDirPath = "";
			projectRoot = "";
			targets = (
				8A2608B27DFE97CCC99E04C4,
				335B1B675CE0DF2F2863FB7A,
				8E82355F8FED17AEE88DB8A4,
				9161A16D3E1E2E4E1A172BE3,
			);
		};
/* End PBXProject section */

/* Begin PBXResourcesBuildPhase section */
		283CBB73977F6C71DEF8899D = {
			isa = PBXResourcesBuildPhase;
			buildActionMask = 2147483647;
			files = (
				B9E81862A0A044747FD9DF7F,
			);
			runOnlyForDeploymentPostprocessing = 0;
		};
		8D48F7C660E8105775F39155 = {
			isa = PBXResourcesBuildPhase;
			buildActionMask = 2147483647;
			files = (
				B9E81862A0A044747FD9DF7F,
			);
			runOnlyForDeploymentPostprocessing = 0;
		};
/* End PBXResourcesBuildPhase section */

/* Begin PBXSourcesBuildPhase section */
		8698080EFF968A27EEAF2A69 = {
			isa = PBXSourcesBuildPhase;
			buildActionMask = 2147483647;
			files = (
				A19CFA3445C4A1AD4520DB26,
				D9FE958C37795D89F855BC5E,
				273C6D909ED11FF2D1B8F4C5,
				046C0D3DED968AD1C89F0CE0,
				2C849EB705AD9F2E74298A5C,
				82CCAF4569E64627116E4F8E,
				F9D13D66CB5E123B35BCC961,
				B4E63329067545AF6F87A4EE,
				C486EBA78715529D1CBA6639,
				97B5D54D6EBE458BE7E7A659,
				061D7C82BAC229747FFE884E,
				E8E712521D0B6E30FDDBC6CB,
				8B2DD17EE4703896650F734B,
				C8CA6AD9DF0DF8A854FF633A,
				1033775656052F54CCE27D7C,
				5B05514598C98754A6442D4E,
			);
			runOnlyForDeploymentPostprocessing = 0;
		};
		9A6268D4608ED0BCA6C59B16 = {
			isa = PBXSourcesBuildPhase;
			buildActionMask = 2147483647;
			files = (
				E4B40E1127946CE4EBFE93F2,
			);
			runOnlyForDeploymentPostprocessing = 0;
		};
		C0C6CEB7C1F59237784E148A = {
			isa = PBXSourcesBuildPhase;
			buildActionMask = 2147483647;
			files = (
				90469A15BF89EB20D82B5E86,
			);
			runOnlyForDeploymentPostprocessing = 0;
		};
/* End PBXSourcesBuildPhase section */

/* Begin PBXTargetDependency section */
		0C2739265FA0CFD6473EACF3 = {
			isa = PBXTargetDependency;
			target = 9161A16D3E1E2E4E1A172BE3;
		};
		182994E7C87BFA7B42AB211F = {
			isa = PBXTargetDependency;
			target = 9161A16D3E1E2E4E1A172BE3;
		};
		57CD6A259D2815A7611C68EF = {
			isa = PBXTargetDependency;
			target = 8E82355F8FED17AEE88DB8A4;
		};
		8CADFCA092271EE486D2A659 = {
			isa = PBXTargetDependency;
			target = 9161A16D3E1E2E4E1A172BE3;
		};
		965E6DB01781840E2274947A = {
			isa = PBXTargetDependency;
			target = 335B1B675CE0DF2F2863FB7A;
		};
/* End PBXTargetDependency section */

/* Begin XCBuildConfiguration section */
		1EF663B2ED824C233508BF62 /* Release */ = {
			isa = XCBuildConfiguration;
			buildSettings = {
				CLANG_CXX_LANGUAGE_STANDARD = "c++14";
				CLANG_CXX_LIBRARY = "libc++";
				CLANG_LINK_OBJC_RUNTIME = NO;
				CODE_SIGN_IDENTITY = "";
				COMBINE_HIDPI_IMAGES = YES;
				CONFIGURATION_BUILD_DIR = "$(PROJECT_DIR)/build/$(CONFIGURATION)";
				DEAD_CODE_STRIPPING = YES;
				GCC_GENERATE_DEBUGGING_SYMBOLS = NO;
				GCC_OPTIMIZATION_LEVEL = 3;
				GCC_PREPROCESSOR_DEFINITIONS = (
					"_NDEBUG=1",
					"NDEBUG=1",
					"JUCER_XCODE_MAC_F6D2F4CF=1",
					"JUCE_APP_VERSION=1.0.0",
					"JUCE_APP_VERSION_HEX=0x10000",
					"JucePlugin_Build_VST=0",
					"JucePlugin_Build_VST3=1",
					"JucePlugin_Build_AU=0",
					"JucePlugin_Build_AUv3=0",
					"JucePlugin_Build_RTAS=0",
					"JucePlugin_Build_AAX=0",
					"JucePlugin_Build_Standalone=1",
					"JucePlugin_Build_Unity=0",
					"JUCE_SHARED_CODE=1",
				);
				GCC_VERSION = com.apple.compilers.llvm.clang.1_0;
				HEADER_SEARCH_PATHS = (
					"$(SRCROOT)/../../../../modules/juce_audio_processors/format_types/VST3_SDK",
					"$(SRCROOT)/../../JuceLibraryCode",
					"$(SRCROOT)/../../../../modules",
					"C:\SDKs\ASIOSDK2.3.2\common",
					"$(SRCROOT)/../../../../modules/juce_audio_plugin_client",
					"$(inherited)",
				);
				INSTALL_PATH = "@executable_path/../Frameworks";
				LLVM_LTO = YES;
				MACOSX_DEPLOYMENT_TARGET = 10.11;
				MTL_HEADER_SEARCH_PATHS = "$(SRCROOT)/../../../../modules/juce_audio_processors/format_types/VST3_SDK $(SRCROOT)/../../JuceLibraryCode $(SRCROOT)/../../../../modules C:\SDKs\ASIOSDK2.3.2\common $(SRCROOT)/../../../../modules/juce_audio_plugin_client";
				OTHER_CPLUSPLUSFLAGS = "-I /usr/local/include/ -DNVOICES=NUM_VOICES -DFAUSTFLOAT=float";
				PRODUCT_BUNDLE_IDENTIFIER = com.improvoid.echomatrix;
				PRODUCT_NAME = "echomatrix";
				SKIP_INSTALL = YES;
				USE_HEADERMAP = NO;
				VALIDATE_WORKSPACE_SKIPPED_SDK_FRAMEWORKS = OpenGL;
				VALID_ARCHS = "i386 x86_64 arm64 arm64e";
			};
			name = Release;
		};
		25275C3A9C68937F25299C9D /* Debug */ = {
			isa = XCBuildConfiguration;
			buildSettings = {
				CLANG_CXX_LANGUAGE_STANDARD = "c++14";
				CLANG_CXX_LIBRARY = "libc++";
				CLANG_LINK_OBJC_RUNTIME = NO;
				CODE_SIGN_IDENTITY = "";
				COMBINE_HIDPI_IMAGES = YES;
				CONFIGURATION_BUILD_DIR = "$(PROJECT_DIR)/build/$(CONFIGURATION)";
				COPY_PHASE_STRIP = NO;
				DEPLOYMENT_LOCATION = YES;
				DSTROOT = /;
				GCC_DYNAMIC_NO_PIC = NO;
				GCC_OPTIMIZATION_LEVEL = 0;
				GCC_PREPROCESSOR_DEFINITIONS = (
					"_DEBUG=1",
					"DEBUG=1",
					"JUCER_XCODE_MAC_F6D2F4CF=1",
					"JUCE_APP_VERSION=1.0.0",
					"JUCE_APP_VERSION_HEX=0x10000",
					"JucePlugin_Build_VST=0",
					"JucePlugin_Build_VST3=1",
					"JucePlugin_Build_AU=0",
					"JucePlugin_Build_AUv3=0",
					"JucePlugin_Build_RTAS=0",
					"JucePlugin_Build_AAX=0",
					"JucePlugin_Build_Standalone=0",
					"JucePlugin_Build_Unity=0",
				);
				GCC_VERSION = com.apple.compilers.llvm.clang.1_0;
				GENERATE_PKGINFO_FILE = YES;
				HEADER_SEARCH_PATHS = (
					"$(SRCROOT)/../../../../modules/juce_audio_processors/format_types/VST3_SDK",
					"$(SRCROOT)/../../JuceLibraryCode",
					"$(SRCROOT)/../../../../modules",
					"C:\SDKs\ASIOSDK2.3.2\common",
					"$(SRCROOT)/../../../../modules/juce_audio_plugin_client",
					"$(inherited)",
				);
				INFOPLIST_FILE = Info-VST3.plist;
				INFOPLIST_PREPROCESS = NO;
				INSTALL_PATH = "$(HOME)/Library/Audio/Plug-Ins/VST3/";
				LIBRARY_STYLE = Bundle;
				MACOSX_DEPLOYMENT_TARGET = 10.11;
				MTL_HEADER_SEARCH_PATHS = "$(SRCROOT)/../../../../modules/juce_audio_processors/format_types/VST3_SDK $(SRCROOT)/../../JuceLibraryCode $(SRCROOT)/../../../../modules C:\SDKs\ASIOSDK2.3.2\common $(SRCROOT)/../../../../modules/juce_audio_plugin_client";
				OTHER_CPLUSPLUSFLAGS = "-I /usr/local/include/ -DNVOICES=NUM_VOICES -DFAUSTFLOAT=float";
				OTHER_LDFLAGS = "-bundle -lechomatrix";
				PRODUCT_BUNDLE_IDENTIFIER = com.improvoid.echomatrix;
				PRODUCT_NAME = "echomatrix";
				USE_HEADERMAP = NO;
				VALIDATE_WORKSPACE_SKIPPED_SDK_FRAMEWORKS = OpenGL;
				VALID_ARCHS = "i386 x86_64 arm64 arm64e";
				WRAPPER_EXTENSION = vst3;
			};
			name = Debug;
		};
		316093C1F032E1B277EEED2B /* Debug */ = {
			isa = XCBuildConfiguration;
			buildSettings = {
				CLANG_CXX_LANGUAGE_STANDARD = "c++14";
				CLANG_CXX_LIBRARY = "libc++";
				CLANG_LINK_OBJC_RUNTIME = NO;
				CODE_SIGN_IDENTITY = "";
				COMBINE_HIDPI_IMAGES = YES;
				CONFIGURATION_BUILD_DIR = "$(PROJECT_DIR)/build/$(CONFIGURATION)";
				COPY_PHASE_STRIP = NO;
				GCC_DYNAMIC_NO_PIC = NO;
				GCC_OPTIMIZATION_LEVEL = 0;
				GCC_PREPROCESSOR_DEFINITIONS = (
					"_DEBUG=1",
					"DEBUG=1",
					"JUCER_XCODE_MAC_F6D2F4CF=1",
					"JUCE_APP_VERSION=1.0.0",
					"JUCE_APP_VERSION_HEX=0x10000",
					"JucePlugin_Build_VST=0",
					"JucePlugin_Build_VST3=1",
					"JucePlugin_Build_AU=0",
					"JucePlugin_Build_AUv3=0",
					"JucePlugin_Build_RTAS=0",
					"JucePlugin_Build_AAX=0",
					"JucePlugin_Build_Standalone=1",
					"JucePlugin_Build_Unity=0",
					"JUCE_SHARED_CODE=1",
				);
				GCC_VERSION = com.apple.compilers.llvm.clang.1_0;
				HEADER_SEARCH_PATHS = (
					"$(SRCROOT)/../../../../modules/juce_audio_processors/format_types/VST3_SDK",
					"$(SRCROOT)/../../JuceLibraryCode",
					"$(SRCROOT)/../../../../modules",
					"C:\SDKs\ASIOSDK2.3.2\common",
					"$(SRCROOT)/../../../../modules/juce_audio_plugin_client",
					"$(inherited)",
				);
				INSTALL_PATH = "@executable_path/../Frameworks";
				MACOSX_DEPLOYMENT_TARGET = 10.11;
				MTL_HEADER_SEARCH_PATHS = "$(SRCROOT)/../../../../modules/juce_audio_processors/format_types/VST3_SDK $(SRCROOT)/../../JuceLibraryCode $(SRCROOT)/../../../../modules C:\SDKs\ASIOSDK2.3.2\common $(SRCROOT)/../../../../modules/juce_audio_plugin_client";
				OTHER_CPLUSPLUSFLAGS = "-I /usr/local/include/ -DNVOICES=NUM_VOICES -DFAUSTFLOAT=float";
				PRODUCT_BUNDLE_IDENTIFIER = com.improvoid.echomatrix;
				PRODUCT_NAME = "echomatrix";
				SKIP_INSTALL = YES;
				USE_HEADERMAP = NO;
				VALIDATE_WORKSPACE_SKIPPED_SDK_FRAMEWORKS = OpenGL;
				VALID_ARCHS = "i386 x86_64 arm64 arm64e";
			};
			name = Debug;
		};
		3C647A6B536323FF8515392F /* Debug */ = {
			isa = XCBuildConfiguration;
			buildSettings = {
				MACOSX_DEPLOYMENT_TARGET = 10.11;
				SDKROOT = macosx;
			};
			name = Debug;
		};
		8E2D5F78429DE0BB677A9812 /* Release */ = {
			isa = XCBuildConfiguration;
			buildSettings = {
				CLANG_CXX_LANGUAGE_STANDARD = "c++14";
				CLANG_CXX_LIBRARY = "libc++";
				CLANG_LINK_OBJC_RUNTIME = NO;
				CODE_SIGN_IDENTITY = "";
				COMBINE_HIDPI_IMAGES = YES;
				CONFIGURATION_BUILD_DIR = "$(PROJECT_DIR)/build/$(CONFIGURATION)";
				DEAD_CODE_STRIPPING = YES;
				GCC_GENERATE_DEBUGGING_SYMBOLS = NO;
				GCC_OPTIMIZATION_LEVEL = 3;
				GCC_PREPROCESSOR_DEFINITIONS = (
					"_NDEBUG=1",
					"NDEBUG=1",
					"JUCER_XCODE_MAC_F6D2F4CF=1",
					"JUCE_APP_VERSION=1.0.0",
					"JUCE_APP_VERSION_HEX=0x10000",
					"JucePlugin_Build_VST=0",
					"JucePlugin_Build_VST3=0",
					"JucePlugin_Build_AU=0",
					"JucePlugin_Build_AUv3=0",
					"JucePlugin_Build_RTAS=0",
					"JucePlugin_Build_AAX=0",
					"JucePlugin_Build_Standalone=1",
					"JucePlugin_Build_Unity=0",
				);
				GCC_VERSION = com.apple.compilers.llvm.clang.1_0;
				HEADER_SEARCH_PATHS = (
					"$(SRCROOT)/../../../../modules/juce_audio_processors/format_types/VST3_SDK",
					"$(SRCROOT)/../../JuceLibraryCode",
					"$(SRCROOT)/../../../../modules",
					"C:\SDKs\ASIOSDK2.3.2\common",
					"$(SRCROOT)/../../../../modules/juce_audio_plugin_client",
					"$(inherited)",
				);
				INFOPLIST_FILE = Info-Standalone_Plugin.plist;
				INFOPLIST_PREPROCESS = NO;
				LLVM_LTO = YES;
				MACOSX_DEPLOYMENT_TARGET = 10.11;
				MTL_HEADER_SEARCH_PATHS = "$(SRCROOT)/../../../../modules/juce_audio_processors/format_types/VST3_SDK $(SRCROOT)/../../JuceLibraryCode $(SRCROOT)/../../../../modules C:\SDKs\ASIOSDK2.3.2\common $(SRCROOT)/../../../../modules/juce_audio_plugin_client";
				OTHER_CPLUSPLUSFLAGS = "-I /usr/local/include/ -DNVOICES=NUM_VOICES -DFAUSTFLOAT=float";
				OTHER_LDFLAGS = "-lechomatrix";
				PRODUCT_BUNDLE_IDENTIFIER = com.improvoid.echomatrix;
				PRODUCT_NAME = "echomatrix";
				USE_HEADERMAP = NO;
				VALIDATE_WORKSPACE_SKIPPED_SDK_FRAMEWORKS = OpenGL;
				VALID_ARCHS = "i386 x86_64 arm64 arm64e";
			};
			name = Release;
		};
		98F90BAA15D7A1088EEC587D /* Release */ = {
			isa = XCBuildConfiguration;
			buildSettings = {
				MACOSX_DEPLOYMENT_TARGET = 10.11;
				SDKROOT = macosx;
			};
			name = Release;
		};
		ADB4A6CDE90F7D7F89380065 /* Debug */ = {
			isa = XCBuildConfiguration;
			buildSettings = {
				ALWAYS_SEARCH_USER_PATHS = NO;
				CLANG_ENABLE_OBJC_WEAK = YES;
				CLANG_WARN_BLOCK_CAPTURE_AUTORELEASING = YES;
				CLANG_WARN_BOOL_CONVERSION = YES;
				CLANG_WARN_COMMA = YES;
				CLANG_WARN_CONSTANT_CONVERSION = YES;
				CLANG_WARN_DEPRECATED_OBJC_IMPLEMENTATIONS = YES;
				CLANG_WARN_EMPTY_BODY = YES;
				CLANG_WARN_ENUM_CONVERSION = YES;
				CLANG_WARN_INFINITE_RECURSION = YES;
				CLANG_WARN_INT_CONVERSION = YES;
				CLANG_WARN_NON_LITERAL_NULL_CONVERSION = YES;
				CLANG_WARN_OBJC_IMPLICIT_RETAIN_SELF = YES;
				CLANG_WARN_OBJC_LITERAL_CONVERSION = YES;
				CLANG_WARN_RANGE_LOOP_ANALYSIS = YES;
				CLANG_WARN_STRICT_PROTOTYPES = YES;
				CLANG_WARN_SUSPICIOUS_MOVE = YES;
				CLANG_WARN_UNREACHABLE_CODE = YES;
				CLANG_WARN__DUPLICATE_METHOD_MATCH = YES;
				CODE_SIGN_IDENTITY = "";
				DEBUG_INFORMATION_FORMAT = dwarf;
				ENABLE_STRICT_OBJC_MSGSEND = YES;
				ENABLE_TESTABILITY = NO;
				GCC_C_LANGUAGE_STANDARD = c11;
				GCC_INLINES_ARE_PRIVATE_EXTERN = YES;
				GCC_MODEL_TUNING = G5;
				GCC_NO_COMMON_BLOCKS = YES;
				GCC_SYMBOLS_PRIVATE_EXTERN = YES;
				GCC_WARN_64_TO_32_BIT_CONVERSION = YES;
				GCC_WARN_ABOUT_RETURN_TYPE = YES;
				GCC_WARN_CHECK_SWITCH_STATEMENTS = YES;
				GCC_WARN_MISSING_PARENTHESES = YES;
				GCC_WARN_NON_VIRTUAL_DESTRUCTOR = YES;
				GCC_WARN_TYPECHECK_CALLS_TO_PRINTF = YES;
				GCC_WARN_UNDECLARED_SELECTOR = YES;
				GCC_WARN_UNINITIALIZED_AUTOS = YES;
				GCC_WARN_UNUSED_FUNCTION = YES;
				GCC_WARN_UNUSED_VARIABLE = YES;
				ONLY_ACTIVE_ARCH = YES;
				PRODUCT_NAME = "echomatrix";
				SDKROOT = macosx;
				WARNING_CFLAGS = "-Wreorder";
				ZERO_LINK = NO;
			};
			name = Debug;
		};
		D01884D2DEB7E0CF51C6F41C /* Release */ = {
			isa = XCBuildConfiguration;
			buildSettings = {
				CLANG_CXX_LANGUAGE_STANDARD = "c++14";
				CLANG_CXX_LIBRARY = "libc++";
				CLANG_LINK_OBJC_RUNTIME = NO;
				CODE_SIGN_IDENTITY = "";
				COMBINE_HIDPI_IMAGES = YES;
				CONFIGURATION_BUILD_DIR = "$(PROJECT_DIR)/build/$(CONFIGURATION)";
				DEAD_CODE_STRIPPING = YES;
				DEPLOYMENT_LOCATION = YES;
				DSTROOT = /;
				GCC_GENERATE_DEBUGGING_SYMBOLS = NO;
				GCC_OPTIMIZATION_LEVEL = 3;
				GCC_PREPROCESSOR_DEFINITIONS = (
					"_NDEBUG=1",
					"NDEBUG=1",
					"JUCER_XCODE_MAC_F6D2F4CF=1",
					"JUCE_APP_VERSION=1.0.0",
					"JUCE_APP_VERSION_HEX=0x10000",
					"JucePlugin_Build_VST=0",
					"JucePlugin_Build_VST3=1",
					"JucePlugin_Build_AU=0",
					"JucePlugin_Build_AUv3=0",
					"JucePlugin_Build_RTAS=0",
					"JucePlugin_Build_AAX=0",
					"JucePlugin_Build_Standalone=0",
					"JucePlugin_Build_Unity=0",
				);
				GCC_VERSION = com.apple.compilers.llvm.clang.1_0;
				GENERATE_PKGINFO_FILE = YES;
				HEADER_SEARCH_PATHS = (
					"$(SRCROOT)/../../../../modules/juce_audio_processors/format_types/VST3_SDK",
					"$(SRCROOT)/../../JuceLibraryCode",
					"$(SRCROOT)/../../../../modules",
					"C:\SDKs\ASIOSDK2.3.2\common",
					"$(SRCROOT)/../../../../modules/juce_audio_plugin_client",
					"$(inherited)",
				);
				INFOPLIST_FILE = Info-VST3.plist;
				INFOPLIST_PREPROCESS = NO;
				INSTALL_PATH = "$(HOME)/Library/Audio/Plug-Ins/VST3/";
				LIBRARY_STYLE = Bundle;
				LLVM_LTO = YES;
				MACOSX_DEPLOYMENT_TARGET = 10.11;
				MTL_HEADER_SEARCH_PATHS = "$(SRCROOT)/../../../../modules/juce_audio_processors/format_types/VST3_SDK $(SRCROOT)/../../JuceLibraryCode $(SRCROOT)/../../../../modules C:\SDKs\ASIOSDK2.3.2\common $(SRCROOT)/../../../../modules/juce_audio_plugin_client";
				OTHER_CPLUSPLUSFLAGS = "-I /usr/local/include/ -DNVOICES=NUM_VOICES -DFAUSTFLOAT=float";
				OTHER_LDFLAGS = "-bundle -lechomatrix";
				PRODUCT_BUNDLE_IDENTIFIER = com.improvoid.echomatrix;
				PRODUCT_NAME = "echomatrix";
				USE_HEADERMAP = NO;
				VALIDATE_WORKSPACE_SKIPPED_SDK_FRAMEWORKS = OpenGL;
				VALID_ARCHS = "i386 x86_64 arm64 arm64e";
				WRAPPER_EXTENSION = vst3;
			};
			name = Release;
		};
		D80BFE6D7E58248FC931F3EB /* Debug */ = {
			isa = XCBuildConfiguration;
			buildSettings = {
				CLANG_CXX_LANGUAGE_STANDARD = "c++14";
				CLANG_CXX_LIBRARY = "libc++";
				CLANG_LINK_OBJC_RUNTIME = NO;
				CODE_SIGN_IDENTITY = "";
				COMBINE_HIDPI_IMAGES = YES;
				CONFIGURATION_BUILD_DIR = "$(PROJECT_DIR)/build/$(CONFIGURATION)";
				COPY_PHASE_STRIP = NO;
				GCC_DYNAMIC_NO_PIC = NO;
				GCC_OPTIMIZATION_LEVEL = 0;
				GCC_PREPROCESSOR_DEFINITIONS = (
					"_DEBUG=1",
					"DEBUG=1",
					"JUCER_XCODE_MAC_F6D2F4CF=1",
					"JUCE_APP_VERSION=1.0.0",
					"JUCE_APP_VERSION_HEX=0x10000",
					"JucePlugin_Build_VST=0",
					"JucePlugin_Build_VST3=0",
					"JucePlugin_Build_AU=0",
					"JucePlugin_Build_AUv3=0",
					"JucePlugin_Build_RTAS=0",
					"JucePlugin_Build_AAX=0",
					"JucePlugin_Build_Standalone=1",
					"JucePlugin_Build_Unity=0",
				);
				GCC_VERSION = com.apple.compilers.llvm.clang.1_0;
				HEADER_SEARCH_PATHS = (
					"$(SRCROOT)/../../../../modules/juce_audio_processors/format_types/VST3_SDK",
					"$(SRCROOT)/../../JuceLibraryCode",
					"$(SRCROOT)/../../../../modules",
					"C:\SDKs\ASIOSDK2.3.2\common",
					"$(SRCROOT)/../../../../modules/juce_audio_plugin_client",
					"$(inherited)",
				);
				INFOPLIST_FILE = Info-Standalone_Plugin.plist;
				INFOPLIST_PREPROCESS = NO;
				MACOSX_DEPLOYMENT_TARGET = 10.11;
				MTL_HEADER_SEARCH_PATHS = "$(SRCROOT)/../../../../modules/juce_audio_processors/format_types/VST3_SDK $(SRCROOT)/../../JuceLibraryCode $(SRCROOT)/../../../../modules C:\SDKs\ASIOSDK2.3.2\common $(SRCROOT)/../../../../modules/juce_audio_plugin_client";
				OTHER_CPLUSPLUSFLAGS = "-I /usr/local/include/ -DNVOICES=NUM_VOICES -DFAUSTFLOAT=float";
				OTHER_LDFLAGS = "-lechomatrix";
				PRODUCT_BUNDLE_IDENTIFIER = com.improvoid.echomatrix;
				PRODUCT_NAME = "echomatrix";
				USE_HEADERMAP = NO;
				VALIDATE_WORKSPACE_SKIPPED_SDK_FRAMEWORKS = OpenGL;
				VALID_ARCHS = "i386 x86_64 arm64 arm64e";
			};
			name = Debug;
		};
		FF1F24D3B9F35AEAC4A9389F /* Release */ = {
			isa = XCBuildConfiguration;
			buildSettings = {
				ALWAYS_SEARCH_USER_PATHS = NO;
				CLANG_ENABLE_OBJC_WEAK = YES;
				CLANG_WARN_BLOCK_CAPTURE_AUTORELEASING = YES;
				CLANG_WARN_BOOL_CONVERSION = YES;
				CLANG_WARN_COMMA = YES;
				CLANG_WARN_CONSTANT_CONVERSION = YES;
				CLANG_WARN_DEPRECATED_OBJC_IMPLEMENTATIONS = YES;
				CLANG_WARN_EMPTY_BODY = YES;
				CLANG_WARN_ENUM_CONVERSION = YES;
				CLANG_WARN_INFINITE_RECURSION = YES;
				CLANG_WARN_INT_CONVERSION = YES;
				CLANG_WARN_NON_LITERAL_NULL_CONVERSION = YES;
				CLANG_WARN_OBJC_IMPLICIT_RETAIN_SELF = YES;
				CLANG_WARN_OBJC_LITERAL_CONVERSION = YES;
				CLANG_WARN_RANGE_LOOP_ANALYSIS = YES;
				CLANG_WARN_STRICT_PROTOTYPES = YES;
				CLANG_WARN_SUSPICIOUS_MOVE = YES;
				CLANG_WARN_UNREACHABLE_CODE = YES;
				CLANG_WARN__DUPLICATE_METHOD_MATCH = YES;
				CODE_SIGN_IDENTITY = "";
				DEBUG_INFORMATION_FORMAT = dwarf;
				ENABLE_STRICT_OBJC_MSGSEND = YES;
				ENABLE_TESTABILITY = NO;
				GCC_C_LANGUAGE_STANDARD = c11;
				GCC_INLINES_ARE_PRIVATE_EXTERN = YES;
				GCC_MODEL_TUNING = G5;
				GCC_NO_COMMON_BLOCKS = YES;
				GCC_SYMBOLS_PRIVATE_EXTERN = YES;
				GCC_WARN_64_TO_32_BIT_CONVERSION = YES;
				GCC_WARN_ABOUT_RETURN_TYPE = YES;
				GCC_WARN_CHECK_SWITCH_STATEMENTS = YES;
				GCC_WARN_MISSING_PARENTHESES = YES;
				GCC_WARN_NON_VIRTUAL_DESTRUCTOR = YES;
				GCC_WARN_TYPECHECK_CALLS_TO_PRINTF = YES;
				GCC_WARN_UNDECLARED_SELECTOR = YES;
				GCC_WARN_UNINITIALIZED_AUTOS = YES;
				GCC_WARN_UNUSED_FUNCTION = YES;
				GCC_WARN_UNUSED_VARIABLE = YES;
				PRODUCT_NAME = "echomatrix";
				SDKROOT = macosx;
				WARNING_CFLAGS = "-Wreorder";
				ZERO_LINK = NO;
			};
			name = Release;
		};
/* End XCBuildConfiguration section */

/* Begin XCConfigurationList section */
		08879730856774F3CA4FBD59 = {
			isa = XCConfigurationList;
			buildConfigurations = (
				3C647A6B536323FF8515392F,
				98F90BAA15D7A1088EEC587D,
			);
			defaultConfigurationIsVisible = 0;
			defaultConfigurationName = Debug;
		};
		1D7F728E031B01B2F399C76E = {
			isa = XCConfigurationList;
			buildConfigurations = (
				316093C1F032E1B277EEED2B,
				1EF663B2ED824C233508BF62,
			);
			defaultConfigurationIsVisible = 0;
			defaultConfigurationName = Debug;
		};
		651BC921BE1C88160D47A088 = {
			isa = XCConfigurationList;
			buildConfigurations = (
				25275C3A9C68937F25299C9D,
				D01884D2DEB7E0CF51C6F41C,
			);
			defaultConfigurationIsVisible = 0;
			defaultConfigurationName = Debug;
		};
		A00F71D91E4AE171C3D80216 = {
			isa = XCConfigurationList;
			buildConfigurations = (
				ADB4A6CDE90F7D7F89380065,
				FF1F24D3B9F35AEAC4A9389F,
			);
			defaultConfigurationIsVisible = 0;
			defaultConfigurationName = Debug;
		};
		A685044388B09421EFBAD32B = {
			isa = XCConfigurationList;
			buildConfigurations = (
				D80BFE6D7E58248FC931F3EB,
				8E2D5F78429DE0BB677A9812,
			);
			defaultConfigurationIsVisible = 0;
			defaultConfigurationName = Debug;
		};
/* End XCConfigurationList section */
	};
	rootObject = C247973A805DA138ABD4AA26 /* Project object */;
}
